{
    "name": "tender-flow-desktop-main",
    "lockfileVersion": 3,
    "requires": true,
    "packages": {
        "": {
            "name": "tender-flow-desktop-main",
            "dependencies": {
                "win-hello": "^1.1.1"
            }
        },
        "node_modules/node-addon-api": {
            "version": "5.1.0",
            "resolved": "https://registry.npmjs.org/node-addon-api/-/node-addon-api-5.1.0.tgz",
            "integrity": "sha512-eh0GgfEkpnoWDq+VY8OyvYhFEzBk6jIYbRKdIlyTiAXIVJ8PyBaKb0rp7oDtoddbdoHWhq8wwr+XZ81F1rpNdA==",
            "license": "MIT"
        },
        "node_modules/win-hello": {
            "version": "1.1.1",
            "resolved": "https://registry.npmjs.org/win-hello/-/win-hello-1.1.1.tgz",
            "integrity": "sha512-feCVnVG/py14FKdNaLkmbEjvvaFmJXj5udRvsC9nE+GWchzHTzFOXdjqu1lJpqsmHniI2JlMy3O+SUHpz37pGQ==",
            "hasInstallScript": true,
            "license": "MIT",
            "dependencies": {
                "node-addon-api": "^5.0.0"
            }
        }
    }
}
